# Code generated by scarb DO NOT EDIT.
version = 1

[[package]]
name = "alexandria_data_structures"
version = "0.1.0"

[[package]]
name = "alexandria_macros"
version = "0.1.0"
source = "git+https://github.com/keep-starknet-strange/alexandria.git#7c19379ab6cf0f8b48be3c5b118ffddd7e26a4d2"

[[package]]
name = "contracts"
version = "0.1.0"
dependencies = [
 "evm",
 "openzeppelin",
 "utils",
]

[[package]]
name = "evm"
version = "0.1.0"
dependencies = [
 "contracts",
 "openzeppelin",
 "utils",
]

[[package]]
name = "openzeppelin"
version = "0.1.0"

[[package]]
name = "utils"
version = "0.1.0"
dependencies = [
 "alexandria_data_structures",
 "alexandria_macros",
 "evm",
]
