# Code generated by scarb DO NOT EDIT.
version = 1

[[package]]
name = "alexandria_storage"
version = "0.2.0"
source = "git+https://github.com/keep-starknet-strange/alexandria.git?rev=3356bf0c5c1a089167d7d3c28d543e195325e596#3356bf0c5c1a089167d7d3c28d543e195325e596"

[[package]]
name = "contracts"
version = "0.1.0"
dependencies = [
 "alexandria_storage",
 "evm",
 "openzeppelin",
 "utils",
]

[[package]]
name = "eoa"
version = "0.1.0"
dependencies = [
 "evm",
]

[[package]]
name = "evm"
version = "0.1.0"
dependencies = [
 "contracts",
 "eoa",
 "openzeppelin",
 "utils",
]

[[package]]
name = "openzeppelin"
version = "0.1.0"

[[package]]
name = "utils"
version = "0.1.0"
dependencies = [
 "evm",
]
