# Code generated by scarb DO NOT EDIT.
version = 1

[[package]]
name = "alexandria_math"
version = "0.1.0"
dependencies = [
 "alexandria_storage",
 "utils",
]

[[package]]
name = "alexandria_storage"
version = "0.1.0"

[[package]]
name = "contracts"
version = "0.1.0"
dependencies = [
 "alexandria_storage",
 "evm",
 "openzeppelin",
 "utils",
]

[[package]]
name = "evm"
version = "0.1.0"
dependencies = [
 "alexandria_math",
 "contracts",
 "openzeppelin",
 "utils",
]

[[package]]
name = "openzeppelin"
version = "0.1.0"

[[package]]
name = "utils"
version = "0.1.0"
dependencies = [
 "evm",
]
